
Microsoft Visual Studio Solution File, Format Version 12.00
# Visual Studio 2012
Project("{FAE04EC0-301F-11D3-BF4B-00C04F79EFBC}") = "Matlab_HandWritten", "Matlab_HandWritten\Matlab_HandWritten.csproj", "{AA00A6C1-911E-4B6F-B469-7E8E59920121}"
EndProject
Global
	GlobalSection(SolutionConfigurationPlatforms) = preSolution
		Debug|Any CPU = Debug|Any CPU
		Release|Any CPU = Release|Any CPU
	EndGlobalSection
	GlobalSection(ProjectConfigurationPlatforms) = postSolution
		{AA00A6C1-911E-4B6F-B469-7E8E59920121}.Debug|Any CPU.ActiveCfg = Debug|Any CPU
		{AA00A6C1-911E-4B6F-B469-7E8E59920121}.Debug|Any CPU.Build.0 = Debug|Any CPU
		{AA00A6C1-911E-4B6F-B469-7E8E59920121}.Release|Any CPU.ActiveCfg = Release|Any CPU
		{AA00A6C1-911E-4B6F-B469-7E8E59920121}.Release|Any CPU.Build.0 = Release|Any CPU
	EndGlobalSection
	GlobalSection(SolutionProperties) = preSolution
		HideSolutionNode = FALSE
	EndGlobalSection
EndGlobal
